
Microsoft Visual Studio Solution File, Format Version 12.00
# Visual Studio Version 17
VisualStudioVersion = 17.2.32526.322
MinimumVisualStudioVersion = 10.0.40219.1
Project("{9A19103F-16F7-4668-BE54-9A1E7A4F7556}") = "StreamingAPI", "StreamingAPI\StreamingAPI.csproj", "{B6594617-59F1-4374-9BD0-29A696239C99}"
EndProject
Project("{9A19103F-16F7-4668-BE54-9A1E7A4F7556}") = "StreamingWeb", "StreamingWeb\StreamingWeb.csproj", "{6A8F6D9F-1009-47FC-B7EB-F6A1466B1CFC}"
EndProject
Global
	GlobalSection(SolutionConfigurationPlatforms) = preSolution
		Debug|Any CPU = Debug|Any CPU
		Release|Any CPU = Release|Any CPU
	EndGlobalSection
	GlobalSection(ProjectConfigurationPlatforms) = postSolution
		{B6594617-59F1-4374-9BD0-29A696239C99}.Debug|Any CPU.ActiveCfg = Debug|Any CPU
		{B6594617-59F1-4374-9BD0-29A696239C99}.Debug|Any CPU.Build.0 = Debug|Any CPU
		{B6594617-59F1-4374-9BD0-29A696239C99}.Release|Any CPU.ActiveCfg = Release|Any CPU
		{B6594617-59F1-4374-9BD0-29A696239C99}.Release|Any CPU.Build.0 = Release|Any CPU
		{6A8F6D9F-1009-47FC-B7EB-F6A1466B1CFC}.Debug|Any CPU.ActiveCfg = Debug|Any CPU
		{6A8F6D9F-1009-47FC-B7EB-F6A1466B1CFC}.Debug|Any CPU.Build.0 = Debug|Any CPU
		{6A8F6D9F-1009-47FC-B7EB-F6A1466B1CFC}.Release|Any CPU.ActiveCfg = Release|Any CPU
		{6A8F6D9F-1009-47FC-B7EB-F6A1466B1CFC}.Release|Any CPU.Build.0 = Release|Any CPU
	EndGlobalSection
	GlobalSection(SolutionProperties) = preSolution
		HideSolutionNode = FALSE
	EndGlobalSection
	GlobalSection(ExtensibilityGlobals) = postSolution
		SolutionGuid = {CC78CD4B-9181-4994-A8E9-43350B7F82B6}
	EndGlobalSection
EndGlobal
